
Microsoft Visual Studio Solution File, Format Version 12.00
# Visual Studio Version 17
VisualStudioVersion = 17.0.32112.339
MinimumVisualStudioVersion = 10.0.40219.1
Project("{2150E333-8FDC-42A3-9474-1A3956D46DE8}") = "Src", "Src", "{1775149A-18C6-4AB4-A2BA-95EB1C2B4A07}"
EndProject
Project("{2150E333-8FDC-42A3-9474-1A3956D46DE8}") = "Core", "Core", "{478D0CBF-02E2-47FF-A288-70779CB399CA}"
EndProject
Project("{2150E333-8FDC-42A3-9474-1A3956D46DE8}") = "Infrastructure", "Infrastructure", "{6880BCE3-3445-4E0B-85D3-AC4929F1B82E}"
EndProject
Project("{FAE04EC0-301F-11D3-BF4B-00C04F79EFBC}") = "MyLove1.Domain", "MyLove1.Domain\MyLove1.Domain.csproj", "{4217F752-91DE-4D52-8FDC-64BA56754C39}"
EndProject
Project("{FAE04EC0-301F-11D3-BF4B-00C04F79EFBC}") = "MyLove1.DomainService", "MyLove1.DomainService\MyLove1.DomainService.csproj", "{AA7CBC16-E5E1-496A-85AD-DC71F7CD15BD}"
EndProject
Project("{FAE04EC0-301F-11D3-BF4B-00C04F79EFBC}") = "MyLove1.Dto", "MyLove1.Dto\MyLove1.Dto.csproj", "{814C1EB8-B19E-4779-A23C-886B4A24DD31}"
EndProject
Project("{FAE04EC0-301F-11D3-BF4B-00C04F79EFBC}") = "MyLove1.Persistence", "MyLove1.Persistence\MyLove1.Persistence.csproj", "{F6E12872-FBCE-4B6E-BCC0-40F34E15ED4E}"
EndProject
Project("{FAE04EC0-301F-11D3-BF4B-00C04F79EFBC}") = "MyLove1.presentation", "MyLove1.presentation\MyLove1.presentation.csproj", "{19F3C38E-8C3C-4444-9FC1-4BA12AAE156C}"
EndProject
Project("{FAE04EC0-301F-11D3-BF4B-00C04F79EFBC}") = "MyLove1.WebApi", "MyLove1.WebApi\MyLove1.WebApi.csproj", "{B35A0D95-217E-4085-9117-7DF7E6391FC9}"
EndProject
Global
	GlobalSection(SolutionConfigurationPlatforms) = preSolution
		Debug|Any CPU = Debug|Any CPU
		Release|Any CPU = Release|Any CPU
	EndGlobalSection
	GlobalSection(ProjectConfigurationPlatforms) = postSolution
		{4217F752-91DE-4D52-8FDC-64BA56754C39}.Debug|Any CPU.ActiveCfg = Debug|Any CPU
		{4217F752-91DE-4D52-8FDC-64BA56754C39}.Debug|Any CPU.Build.0 = Debug|Any CPU
		{4217F752-91DE-4D52-8FDC-64BA56754C39}.Release|Any CPU.ActiveCfg = Release|Any CPU
		{4217F752-91DE-4D52-8FDC-64BA56754C39}.Release|Any CPU.Build.0 = Release|Any CPU
		{AA7CBC16-E5E1-496A-85AD-DC71F7CD15BD}.Debug|Any CPU.ActiveCfg = Debug|Any CPU
		{AA7CBC16-E5E1-496A-85AD-DC71F7CD15BD}.Debug|Any CPU.Build.0 = Debug|Any CPU
		{AA7CBC16-E5E1-496A-85AD-DC71F7CD15BD}.Release|Any CPU.ActiveCfg = Release|Any CPU
		{AA7CBC16-E5E1-496A-85AD-DC71F7CD15BD}.Release|Any CPU.Build.0 = Release|Any CPU
		{814C1EB8-B19E-4779-A23C-886B4A24DD31}.Debug|Any CPU.ActiveCfg = Debug|Any CPU
		{814C1EB8-B19E-4779-A23C-886B4A24DD31}.Debug|Any CPU.Build.0 = Debug|Any CPU
		{814C1EB8-B19E-4779-A23C-886B4A24DD31}.Release|Any CPU.ActiveCfg = Release|Any CPU
		{814C1EB8-B19E-4779-A23C-886B4A24DD31}.Release|Any CPU.Build.0 = Release|Any CPU
		{F6E12872-FBCE-4B6E-BCC0-40F34E15ED4E}.Debug|Any CPU.ActiveCfg = Debug|Any CPU
		{F6E12872-FBCE-4B6E-BCC0-40F34E15ED4E}.Debug|Any CPU.Build.0 = Debug|Any CPU
		{F6E12872-FBCE-4B6E-BCC0-40F34E15ED4E}.Release|Any CPU.ActiveCfg = Release|Any CPU
		{F6E12872-FBCE-4B6E-BCC0-40F34E15ED4E}.Release|Any CPU.Build.0 = Release|Any CPU
		{19F3C38E-8C3C-4444-9FC1-4BA12AAE156C}.Debug|Any CPU.ActiveCfg = Debug|Any CPU
		{19F3C38E-8C3C-4444-9FC1-4BA12AAE156C}.Debug|Any CPU.Build.0 = Debug|Any CPU
		{19F3C38E-8C3C-4444-9FC1-4BA12AAE156C}.Release|Any CPU.ActiveCfg = Release|Any CPU
		{19F3C38E-8C3C-4444-9FC1-4BA12AAE156C}.Release|Any CPU.Build.0 = Release|Any CPU
		{B35A0D95-217E-4085-9117-7DF7E6391FC9}.Debug|Any CPU.ActiveCfg = Debug|Any CPU
		{B35A0D95-217E-4085-9117-7DF7E6391FC9}.Debug|Any CPU.Build.0 = Debug|Any CPU
		{B35A0D95-217E-4085-9117-7DF7E6391FC9}.Release|Any CPU.ActiveCfg = Release|Any CPU
		{B35A0D95-217E-4085-9117-7DF7E6391FC9}.Release|Any CPU.Build.0 = Release|Any CPU
	EndGlobalSection
	GlobalSection(SolutionProperties) = preSolution
		HideSolutionNode = FALSE
	EndGlobalSection
	GlobalSection(NestedProjects) = preSolution
		{478D0CBF-02E2-47FF-A288-70779CB399CA} = {1775149A-18C6-4AB4-A2BA-95EB1C2B4A07}
		{6880BCE3-3445-4E0B-85D3-AC4929F1B82E} = {1775149A-18C6-4AB4-A2BA-95EB1C2B4A07}
		{4217F752-91DE-4D52-8FDC-64BA56754C39} = {478D0CBF-02E2-47FF-A288-70779CB399CA}
		{AA7CBC16-E5E1-496A-85AD-DC71F7CD15BD} = {478D0CBF-02E2-47FF-A288-70779CB399CA}
		{814C1EB8-B19E-4779-A23C-886B4A24DD31} = {478D0CBF-02E2-47FF-A288-70779CB399CA}
		{F6E12872-FBCE-4B6E-BCC0-40F34E15ED4E} = {6880BCE3-3445-4E0B-85D3-AC4929F1B82E}
		{19F3C38E-8C3C-4444-9FC1-4BA12AAE156C} = {6880BCE3-3445-4E0B-85D3-AC4929F1B82E}
		{B35A0D95-217E-4085-9117-7DF7E6391FC9} = {1775149A-18C6-4AB4-A2BA-95EB1C2B4A07}
	EndGlobalSection
	GlobalSection(ExtensibilityGlobals) = postSolution
		SolutionGuid = {B6B5D12E-64C3-49BA-BC5B-D351547C4B66}
	EndGlobalSection
EndGlobal
